
Microsoft Visual Studio Solution File, Format Version 12.00
# Visual Studio Version 17
VisualStudioVersion = 17.9.34728.123
MinimumVisualStudioVersion = 10.0.40219.1
Project("{FAE04EC0-301F-11D3-BF4B-00C04F79EFBC}") = "EmployeeManagementSystem", "EmployeeManagementSystem\EmployeeManagementSystem.csproj", "{83ECBD53-3F37-4366-BB77-3C26575481DC}"
EndProject
Global
	GlobalSection(SolutionConfigurationPlatforms) = preSolution
		Debug|Any CPU = Debug|Any CPU
		Release|Any CPU = Release|Any CPU
	EndGlobalSection
	GlobalSection(ProjectConfigurationPlatforms) = postSolution
		{83ECBD53-3F37-4366-BB77-3C26575481DC}.Debug|Any CPU.ActiveCfg = Debug|Any CPU
		{83ECBD53-3F37-4366-BB77-3C26575481DC}.Debug|Any CPU.Build.0 = Debug|Any CPU
		{83ECBD53-3F37-4366-BB77-3C26575481DC}.Release|Any CPU.ActiveCfg = Release|Any CPU
		{83ECBD53-3F37-4366-BB77-3C26575481DC}.Release|Any CPU.Build.0 = Release|Any CPU
	EndGlobalSection
	GlobalSection(SolutionProperties) = preSolution
		HideSolutionNode = FALSE
	EndGlobalSection
	GlobalSection(ExtensibilityGlobals) = postSolution
		SolutionGuid = {5C8F2919-A233-49B4-96AB-33321CC6D2CE}
	EndGlobalSection
EndGlobal
